dependencies:
- name: yugabyte
  repository: https://charts.yugabyte.com
  version: 2.20.2
- name: zookeeper
  repository: https://charts.bitnami.com/bitnami
  version: 12.12.0
- name: kubernetes-dashboard
  repository: https://kubernetes.github.io/dashboard/
  version: 7.1.2
digest: sha256:1d998e21ea530d314e73dfd86aa480b25703ae35e4911c9f90ba572b2e5d16d3
generated: "2024-03-11T13:46:33.346210179-07:00"
